Microsoft Visual Studio Solution File, Format Version 12.00
# Visual Studio 15
VisualStudioVersion = 15.0.26403.3
MinimumVisualStudioVersion = 10.0.40219.1
Project("{8BC9CEB8-8B4A-11D0-8D11-00A0C91BC942}") = "GameProject1", "GameProject1\GameProject1.vcxproj", "{AFD60C21-2322-4D75-87F7-EF727D61C884}"
EndProject
Global
	GlobalSection(SolutionConfigurationPlatforms) = preSolution
		Debug|VisualGDB = Debug|VisualGDB
		Debug|x64 = Debug|x64
		Debug|x86 = Debug|x86
		PiTest|VisualGDB = PiTest|VisualGDB
		PiTest|x64 = PiTest|x64
		PiTest|x86 = PiTest|x86
		Release|VisualGDB = Release|VisualGDB
		Release|x64 = Release|x64
		Release|x86 = Release|x86
	EndGlobalSection
	GlobalSection(ProjectConfigurationPlatforms) = postSolution
		{AFD60C21-2322-4D75-87F7-EF727D61C884}.Debug|VisualGDB.ActiveCfg = Debug|VisualGDB
		{AFD60C21-2322-4D75-87F7-EF727D61C884}.Debug|VisualGDB.Build.0 = Debug|VisualGDB
		{AFD60C21-2322-4D75-87F7-EF727D61C884}.Debug|x64.ActiveCfg = Debug|x64
		{AFD60C21-2322-4D75-87F7-EF727D61C884}.Debug|x64.Build.0 = Debug|x64
		{AFD60C21-2322-4D75-87F7-EF727D61C884}.Debug|x86.ActiveCfg = Debug|Win32
		{AFD60C21-2322-4D75-87F7-EF727D61C884}.Debug|x86.Build.0 = Debug|Win32
		{AFD60C21-2322-4D75-87F7-EF727D61C884}.PiTest|VisualGDB.ActiveCfg = Debug|Win32
		{AFD60C21-2322-4D75-87F7-EF727D61C884}.PiTest|VisualGDB.Build.0 = Debug|Win32
		{AFD60C21-2322-4D75-87F7-EF727D61C884}.PiTest|x64.ActiveCfg = Release|x64
		{AFD60C21-2322-4D75-87F7-EF727D61C884}.PiTest|x64.Build.0 = Release|x64
		{AFD60C21-2322-4D75-87F7-EF727D61C884}.PiTest|x86.ActiveCfg = Debug|Win32
		{AFD60C21-2322-4D75-87F7-EF727D61C884}.PiTest|x86.Build.0 = Debug|Win32
		{AFD60C21-2322-4D75-87F7-EF727D61C884}.Release|VisualGDB.ActiveCfg = Release|VisualGDB
		{AFD60C21-2322-4D75-87F7-EF727D61C884}.Release|VisualGDB.Build.0 = Release|VisualGDB
		{AFD60C21-2322-4D75-87F7-EF727D61C884}.Release|x64.ActiveCfg = Release|x64
		{AFD60C21-2322-4D75-87F7-EF727D61C884}.Release|x64.Build.0 = Release|x64
		{AFD60C21-2322-4D75-87F7-EF727D61C884}.Release|x86.ActiveCfg = Release|Win32
		{AFD60C21-2322-4D75-87F7-EF727D61C884}.Release|x86.Build.0 = Release|Win32
	EndGlobalSection
	GlobalSection(SolutionProperties) = preSolution
		HideSolutionNode = FALSE
	EndGlobalSection
EndGlobal
